// !$*UTF8*$!
{
	archiveVersion = 1;
	classes = {
	};
	objectVersion = 77;
	objects = {

/* Begin PBXBuildFile section */
		8808EB582DD80C9400C22BF8 /* GoogleSignInSwift in Frameworks */ = {isa = PBXBuildFile; productRef = 8808EB572DD80C9400C22BF8 /* GoogleSignInSwift */; };
		885FD2502DC853D70053FAFA /* FirebaseAnalytics in Frameworks */ = {isa = PBXBuildFile; productRef = 885FD24F2DC853D70053FAFA /* FirebaseAnalytics */; };
		88EC94512DC9AC69006227ED /* FirebaseAuth in Frameworks */ = {isa = PBXBuildFile; productRef = 88EC94502DC9AC69006227ED /* FirebaseAuth */; };
		88EC94532DC9AC69006227ED /* FirebaseCore in Frameworks */ = {isa = PBXBuildFile; productRef = 88EC94522DC9AC69006227ED /* FirebaseCore */; };
/* End PBXBuildFile section */

/* Begin PBXContainerItemProxy section */
		88A455582DDD32380014635E /* PBXContainerItemProxy */ = {
			isa = PBXContainerItemProxy;
			containerPortal = 882AA4782DC3A4E200F8714F /* Project object */;
			proxyType = 1;
			remoteGlobalIDString = 882AA47F2DC3A4E200F8714F;
			remoteInfo = PhotoEditApp;
		};
/* End PBXContainerItemProxy section */

/* Begin PBXFileReference section */
		882AA4802DC3A4E200F8714F /* PhotoEditApp.app */ = {isa = PBXFileReference; explicitFileType = wrapper.application; includeInIndex = 0; path = PhotoEditApp.app; sourceTree = BUILT_PRODUCTS_DIR; };
		88A455542DDD32380014635E /* PhotoEditAppTests.xctest */ = {isa = PBXFileReference; explicitFileType = wrapper.cfbundle; includeInIndex = 0; path = PhotoEditAppTests.xctest; sourceTree = BUILT_PRODUCTS_DIR; };
/* End PBXFileReference section */

/* Begin PBXFileSystemSynchronizedBuildFileExceptionSet section */
		8808EB5C2DD8153300C22BF8 /* Exceptions for "PhotoEditApp" folder in "PhotoEditApp" target */ = {
			isa = PBXFileSystemSynchronizedBuildFileExceptionSet;
			membershipExceptions = (
				Info.plist,
			);
			target = 882AA47F2DC3A4E200F8714F /* PhotoEditApp */;
		};
/* End PBXFileSystemSynchronizedBuildFileExceptionSet section */

/* Begin PBXFileSystemSynchronizedRootGroup section */
		882AA4822DC3A4E200F8714F /* PhotoEditApp */ = {
			isa = PBXFileSystemSynchronizedRootGroup;
			exceptions = (
				8808EB5C2DD8153300C22BF8 /* Exceptions for "PhotoEditApp" folder in "PhotoEditApp" target */,
			);
			path = PhotoEditApp;
			sourceTree = "<group>";
		};
		88A455552DDD32380014635E /* PhotoEditAppTests */ = {
			isa = PBXFileSystemSynchronizedRootGroup;
			path = PhotoEditAppTests;
			sourceTree = "<group>";
		};
/* End PBXFileSystemSynchronizedRootGroup section */

/* Begin PBXFrameworksBuildPhase section */
		882AA47D2DC3A4E200F8714F /* Frameworks */ = {
			isa = PBXFrameworksBuildPhase;
			buildActionMask = 2147483647;
			files = (
				885FD2502DC853D70053FAFA /* FirebaseAnalytics in Frameworks */,
				88EC94532DC9AC69006227ED /* FirebaseCore in Frameworks */,
				88EC94512DC9AC69006227ED /* FirebaseAuth in Frameworks */,
				8808EB582DD80C9400C22BF8 /* GoogleSignInSwift in Frameworks */,
			);
			runOnlyForDeploymentPostprocessing = 0;
		};
		88A455512DDD32380014635E /* Frameworks */ = {
			isa = PBXFrameworksBuildPhase;
			buildActionMask = 2147483647;
			files = (
			);
			runOnlyForDeploymentPostprocessing = 0;
		};
/* End PBXFrameworksBuildPhase section */

/* Begin PBXGroup section */
		882AA4772DC3A4E200F8714F = {
			isa = PBXGroup;
			children = (
				882AA4822DC3A4E200F8714F /* PhotoEditApp */,
				88A455552DDD32380014635E /* PhotoEditAppTests */,
				882AA4812DC3A4E200F8714F /* Products */,
			);
			sourceTree = "<group>";
		};
		882AA4812DC3A4E200F8714F /* Products */ = {
			isa = PBXGroup;
			children = (
				882AA4802DC3A4E200F8714F /* PhotoEditApp.app */,
				88A455542DDD32380014635E /* PhotoEditAppTests.xctest */,
			);
			name = Products;
			sourceTree = "<group>";
		};
/* End PBXGroup section */

/* Begin PBXNativeTarget section */
		882AA47F2DC3A4E200F8714F /* PhotoEditApp */ = {
			isa = PBXNativeTarget;
			buildConfigurationList = 882AA48B2DC3A4E300F8714F /* Build configuration list for PBXNativeTarget "PhotoEditApp" */;
			buildPhases = (
				882AA47C2DC3A4E200F8714F /* Sources */,
				882AA47D2DC3A4E200F8714F /* Frameworks */,
				882AA47E2DC3A4E200F8714F /* Resources */,
			);
			buildRules = (
			);
			dependencies = (
			);
			fileSystemSynchronizedGroups = (
				882AA4822DC3A4E200F8714F /* PhotoEditApp */,
			);
			name = PhotoEditApp;
			packageProductDependencies = (
				885FD24F2DC853D70053FAFA /* FirebaseAnalytics */,
				88EC94502DC9AC69006227ED /* FirebaseAuth */,
				88EC94522DC9AC69006227ED /* FirebaseCore */,
				8808EB572DD80C9400C22BF8 /* GoogleSignInSwift */,
			);
			productName = PhotoEditApp;
			productReference = 882AA4802DC3A4E200F8714F /* PhotoEditApp.app */;
			productType = "com.apple.product-type.application";
		};
		88A455532DDD32380014635E /* PhotoEditAppTests */ = {
			isa = PBXNativeTarget;
			buildConfigurationList = 88A4555A2DDD32380014635E /* Build configuration list for PBXNativeTarget "PhotoEditAppTests" */;
			buildPhases = (
				88A455502DDD32380014635E /* Sources */,
				88A455512DDD32380014635E /* Frameworks */,
				88A455522DDD32380014635E /* Resources */,
			);
			buildRules = (
			);
			dependencies = (
				88A455592DDD32380014635E /* PBXTargetDependency */,
			);
			fileSystemSynchronizedGroups = (
				88A455552DDD32380014635E /* PhotoEditAppTests */,
			);
			name = PhotoEditAppTests;
			packageProductDependencies = (
			);
			productName = PhotoEditAppTests;
			productReference = 88A455542DDD32380014635E /* PhotoEditAppTests.xctest */;
			productType = "com.apple.product-type.bundle.unit-test";
		};
/* End PBXNativeTarget section */

/* Begin PBXProject section */
		882AA4782DC3A4E200F8714F /* Project object */ = {
			isa = PBXProject;
			attributes = {
				BuildIndependentTargetsInParallel = 1;
				LastSwiftUpdateCheck = 1630;
				LastUpgradeCheck = 1630;
				TargetAttributes = {
					882AA47F2DC3A4E200F8714F = {
						CreatedOnToolsVersion = 16.3;
					};
					88A455532DDD32380014635E = {
						CreatedOnToolsVersion = 16.3;
						LastSwiftMigration = 1630;
						TestTargetID = 882AA47F2DC3A4E200F8714F;
					};
				};
			};
			buildConfigurationList = 882AA47B2DC3A4E200F8714F /* Build configuration list for PBXProject "PhotoEditApp" */;
			developmentRegion = en;
			hasScannedForEncodings = 0;
			knownRegions = (
				en,
				Base,
			);
			mainGroup = 882AA4772DC3A4E200F8714F;
			minimizedProjectReferenceProxies = 1;
			packageReferences = (
				885FD24E2DC853D70053FAFA /* XCRemoteSwiftPackageReference "firebase-ios-sdk" */,
				8808EB562DD80C9400C22BF8 /* XCRemoteSwiftPackageReference "GoogleSignIn-iOS" */,
			);
			preferredProjectObjectVersion = 77;
			productRefGroup = 882AA4812DC3A4E200F8714F /* Products */;
			projectDirPath = "";
			projectRoot = "";
			targets = (
				882AA47F2DC3A4E200F8714F /* PhotoEditApp */,
				88A455532DDD32380014635E /* PhotoEditAppTests */,
			);
		};
/* End PBXProject section */

/* Begin PBXResourcesBuildPhase section */
		882AA47E2DC3A4E200F8714F /* Resources */ = {
			isa = PBXResourcesBuildPhase;
			buildActionMask = 2147483647;
			files = (
			);
			runOnlyForDeploymentPostprocessing = 0;
		};
		88A455522DDD32380014635E /* Resources */ = {
			isa = PBXResourcesBuildPhase;
			buildActionMask = 2147483647;
			files = (
			);
			runOnlyForDeploymentPostprocessing = 0;
		};
/* End PBXResourcesBuildPhase section */

/* Begin PBXSourcesBuildPhase section */
		882AA47C2DC3A4E200F8714F /* Sources */ = {
			isa = PBXSourcesBuildPhase;
			buildActionMask = 2147483647;
			files = (
			);
			runOnlyForDeploymentPostprocessing = 0;
		};
		88A455502DDD32380014635E /* Sources */ = {
			isa = PBXSourcesBuildPhase;
			buildActionMask = 2147483647;
			files = (
			);
			runOnlyForDeploymentPostprocessing = 0;
		};
/* End PBXSourcesBuildPhase section */

/* Begin PBXTargetDependency section */
		88A455592DDD32380014635E /* PBXTargetDependency */ = {
			isa = PBXTargetDependency;
			target = 882AA47F2DC3A4E200F8714F /* PhotoEditApp */;
			targetProxy = 88A455582DDD32380014635E /* PBXContainerItemProxy */;
		};
/* End PBXTargetDependency section */

/* Begin XCBuildConfiguration section */
		882AA4892DC3A4E300F8714F /* Debug */ = {
			isa = XCBuildConfiguration;
			buildSettings = {
				ALWAYS_SEARCH_USER_PATHS = NO;
				ASSETCATALOG_COMPILER_GENERATE_SWIFT_ASSET_SYMBOL_EXTENSIONS = YES;
				CLANG_ANALYZER_NONNULL = YES;
				CLANG_ANALYZER_NUMBER_OBJECT_CONVERSION = YES_AGGRESSIVE;
				CLANG_CXX_LANGUAGE_STANDARD = "gnu++20";
				CLANG_ENABLE_MODULES = YES;
				CLANG_ENABLE_OBJC_ARC = YES;
				CLANG_ENABLE_OBJC_WEAK = YES;
				CLANG_WARN_BLOCK_CAPTURE_AUTORELEASING = YES;
				CLANG_WARN_BOOL_CONVERSION = YES;
				CLANG_WARN_COMMA = YES;
				CLANG_WARN_CONSTANT_CONVERSION = YES;
				CLANG_WARN_DEPRECATED_OBJC_IMPLEMENTATIONS = YES;
				CLANG_WARN_DIRECT_OBJC_ISA_USAGE = YES_ERROR;
				CLANG_WARN_DOCUMENTATION_COMMENTS = YES;
				CLANG_WARN_EMPTY_BODY = YES;
				CLANG_WARN_ENUM_CONVERSION = YES;
				CLANG_WARN_INFINITE_RECURSION = YES;
				CLANG_WARN_INT_CONVERSION = YES;
				CLANG_WARN_NON_LITERAL_NULL_CONVERSION = YES;
				CLANG_WARN_OBJC_IMPLICIT_RETAIN_SELF = YES;
				CLANG_WARN_OBJC_LITERAL_CONVERSION = YES;
				CLANG_WARN_OBJC_ROOT_CLASS = YES_ERROR;
				CLANG_WARN_QUOTED_INCLUDE_IN_FRAMEWORK_HEADER = YES;
				CLANG_WARN_RANGE_LOOP_ANALYSIS = YES;
				CLANG_WARN_STRICT_PROTOTYPES = YES;
				CLANG_WARN_SUSPICIOUS_MOVE = YES;
				CLANG_WARN_UNGUARDED_AVAILABILITY = YES_AGGRESSIVE;
				CLANG_WARN_UNREACHABLE_CODE = YES;
				CLANG_WARN__DUPLICATE_METHOD_MATCH = YES;
				COPY_PHASE_STRIP = NO;
				DEBUG_INFORMATION_FORMAT = dwarf;
				DEVELOPMENT_TEAM = PYDBUVKJ9J;
				ENABLE_STRICT_OBJC_MSGSEND = YES;
				ENABLE_TESTABILITY = YES;
				ENABLE_USER_SCRIPT_SANDBOXING = YES;
				GCC_C_LANGUAGE_STANDARD = gnu17;
				GCC_DYNAMIC_NO_PIC = NO;
				GCC_NO_COMMON_BLOCKS = YES;
				GCC_OPTIMIZATION_LEVEL = 0;
				GCC_PREPROCESSOR_DEFINITIONS = (
					"DEBUG=1",
					"$(inherited)",
				);
				GCC_WARN_64_TO_32_BIT_CONVERSION = YES;
				GCC_WARN_ABOUT_RETURN_TYPE = YES_ERROR;
				GCC_WARN_UNDECLARED_SELECTOR = YES;
				GCC_WARN_UNINITIALIZED_AUTOS = YES_AGGRESSIVE;
				GCC_WARN_UNUSED_FUNCTION = YES;
				GCC_WARN_UNUSED_VARIABLE = YES;
				IPHONEOS_DEPLOYMENT_TARGET = 18.4;
				LOCALIZATION_PREFERS_STRING_CATALOGS = YES;
				MTL_ENABLE_DEBUG_INFO = INCLUDE_SOURCE;
				MTL_FAST_MATH = YES;
				ONLY_ACTIVE_ARCH = YES;
				SDKROOT = iphoneos;
				SWIFT_ACTIVE_COMPILATION_CONDITIONS = "DEBUG $(inherited)";
				SWIFT_OPTIMIZATION_LEVEL = "-Onone";
			};
			name = Debug;
		};
		882AA48A2DC3A4E300F8714F /* Release */ = {
			isa = XCBuildConfiguration;
			buildSettings = {
				ALWAYS_SEARCH_USER_PATHS = NO;
				ASSETCATALOG_COMPILER_GENERATE_SWIFT_ASSET_SYMBOL_EXTENSIONS = YES;
				CLANG_ANALYZER_NONNULL = YES;
				CLANG_ANALYZER_NUMBER_OBJECT_CONVERSION = YES_AGGRESSIVE;
				CLANG_CXX_LANGUAGE_STANDARD = "gnu++20";
				CLANG_ENABLE_MODULES = YES;
				CLANG_ENABLE_OBJC_ARC = YES;
				CLANG_ENABLE_OBJC_WEAK = YES;
				CLANG_WARN_BLOCK_CAPTURE_AUTORELEASING = YES;
				CLANG_WARN_BOOL_CONVERSION = YES;
				CLANG_WARN_COMMA = YES;
				CLANG_WARN_CONSTANT_CONVERSION = YES;
				CLANG_WARN_DEPRECATED_OBJC_IMPLEMENTATIONS = YES;
				CLANG_WARN_DIRECT_OBJC_ISA_USAGE = YES_ERROR;
				CLANG_WARN_DOCUMENTATION_COMMENTS = YES;
				CLANG_WARN_EMPTY_BODY = YES;
				CLANG_WARN_ENUM_CONVERSION = YES;
				CLANG_WARN_INFINITE_RECURSION = YES;
				CLANG_WARN_INT_CONVERSION = YES;
				CLANG_WARN_NON_LITERAL_NULL_CONVERSION = YES;
				CLANG_WARN_OBJC_IMPLICIT_RETAIN_SELF = YES;
				CLANG_WARN_OBJC_LITERAL_CONVERSION = YES;
				CLANG_WARN_OBJC_ROOT_CLASS = YES_ERROR;
				CLANG_WARN_QUOTED_INCLUDE_IN_FRAMEWORK_HEADER = YES;
				CLANG_WARN_RANGE_LOOP_ANALYSIS = YES;
				CLANG_WARN_STRICT_PROTOTYPES = YES;
				CLANG_WARN_SUSPICIOUS_MOVE = YES;
				CLANG_WARN_UNGUARDED_AVAILABILITY = YES_AGGRESSIVE;
				CLANG_WARN_UNREACHABLE_CODE = YES;
				CLANG_WARN__DUPLICATE_METHOD_MATCH = YES;
				COPY_PHASE_STRIP = NO;
				DEBUG_INFORMATION_FORMAT = "dwarf-with-dsym";
				DEVELOPMENT_TEAM = PYDBUVKJ9J;
				ENABLE_NS_ASSERTIONS = NO;
				ENABLE_STRICT_OBJC_MSGSEND = YES;
				ENABLE_USER_SCRIPT_SANDBOXING = YES;
				GCC_C_LANGUAGE_STANDARD = gnu17;
				GCC_NO_COMMON_BLOCKS = YES;
				GCC_WARN_64_TO_32_BIT_CONVERSION = YES;
				GCC_WARN_ABOUT_RETURN_TYPE = YES_ERROR;
				GCC_WARN_UNDECLARED_SELECTOR = YES;
				GCC_WARN_UNINITIALIZED_AUTOS = YES_AGGRESSIVE;
				GCC_WARN_UNUSED_FUNCTION = YES;
				GCC_WARN_UNUSED_VARIABLE = YES;
				IPHONEOS_DEPLOYMENT_TARGET = 18.4;
				LOCALIZATION_PREFERS_STRING_CATALOGS = YES;
				MTL_ENABLE_DEBUG_INFO = NO;
				MTL_FAST_MATH = YES;
				SDKROOT = iphoneos;
				SWIFT_COMPILATION_MODE = wholemodule;
				VALIDATE_PRODUCT = YES;
			};
			name = Release;
		};
		882AA48C2DC3A4E300F8714F /* Debug */ = {
			isa = XCBuildConfiguration;
			buildSettings = {
				ASSETCATALOG_COMPILER_APPICON_NAME = AppIcon;
				ASSETCATALOG_COMPILER_GLOBAL_ACCENT_COLOR_NAME = AccentColor;
				CODE_SIGN_IDENTITY = "Apple Development";
				CODE_SIGN_STYLE = Automatic;
				CURRENT_PROJECT_VERSION = 1;
				DEVELOPMENT_TEAM = PYDBUVKJ9J;
				ENABLE_PREVIEWS = YES;
				GENERATE_INFOPLIST_FILE = YES;
				INFOPLIST_FILE = PhotoEditApp/Info.plist;
				INFOPLIST_KEY_NSPhotoLibraryAddUsageDescription = "Приложению нужно разрешение для сохранения изображений в Фотоальбом.";
				INFOPLIST_KEY_UIApplicationSceneManifest_Generation = YES;
				INFOPLIST_KEY_UIApplicationSupportsIndirectInputEvents = YES;
				INFOPLIST_KEY_UILaunchScreen_Generation = YES;
				INFOPLIST_KEY_UISupportedInterfaceOrientations_iPad = "UIInterfaceOrientationPortrait UIInterfaceOrientationPortraitUpsideDown UIInterfaceOrientationLandscapeLeft UIInterfaceOrientationLandscapeRight";
				INFOPLIST_KEY_UISupportedInterfaceOrientations_iPhone = "UIInterfaceOrientationPortrait UIInterfaceOrientationLandscapeLeft UIInterfaceOrientationLandscapeRight";
				LD_RUNPATH_SEARCH_PATHS = (
					"$(inherited)",
					"@executable_path/Frameworks",
				);
				MARKETING_VERSION = 1.0;
				PRODUCT_BUNDLE_IDENTIFIER = r.pshenichnikov.PhotoEditApp;
				PRODUCT_NAME = "$(TARGET_NAME)";
				PROVISIONING_PROFILE_SPECIFIER = "";
				SWIFT_EMIT_LOC_STRINGS = YES;
				SWIFT_VERSION = 5.0;
				TARGETED_DEVICE_FAMILY = "1,2";
			};
			name = Debug;
		};
		882AA48D2DC3A4E300F8714F /* Release */ = {
			isa = XCBuildConfiguration;
			buildSettings = {
				ASSETCATALOG_COMPILER_APPICON_NAME = AppIcon;
				ASSETCATALOG_COMPILER_GLOBAL_ACCENT_COLOR_NAME = AccentColor;
				CODE_SIGN_IDENTITY = "Apple Development";
				CODE_SIGN_STYLE = Automatic;
				CURRENT_PROJECT_VERSION = 1;
				DEVELOPMENT_TEAM = PYDBUVKJ9J;
				ENABLE_PREVIEWS = YES;
				GENERATE_INFOPLIST_FILE = YES;
				INFOPLIST_FILE = PhotoEditApp/Info.plist;
				INFOPLIST_KEY_NSPhotoLibraryAddUsageDescription = "Приложению нужно разрешение для сохранения изображений в Фотоальбом.";
				INFOPLIST_KEY_UIApplicationSceneManifest_Generation = YES;
				INFOPLIST_KEY_UIApplicationSupportsIndirectInputEvents = YES;
				INFOPLIST_KEY_UILaunchScreen_Generation = YES;
				INFOPLIST_KEY_UISupportedInterfaceOrientations_iPad = "UIInterfaceOrientationPortrait UIInterfaceOrientationPortraitUpsideDown UIInterfaceOrientationLandscapeLeft UIInterfaceOrientationLandscapeRight";
				INFOPLIST_KEY_UISupportedInterfaceOrientations_iPhone = "UIInterfaceOrientationPortrait UIInterfaceOrientationLandscapeLeft UIInterfaceOrientationLandscapeRight";
				LD_RUNPATH_SEARCH_PATHS = (
					"$(inherited)",
					"@executable_path/Frameworks",
				);
				MARKETING_VERSION = 1.0;
				PRODUCT_BUNDLE_IDENTIFIER = r.pshenichnikov.PhotoEditApp;
				PRODUCT_NAME = "$(TARGET_NAME)";
				PROVISIONING_PROFILE_SPECIFIER = "";
				SWIFT_EMIT_LOC_STRINGS = YES;
				SWIFT_VERSION = 5.0;
				TARGETED_DEVICE_FAMILY = "1,2";
			};
			name = Release;
		};
		88A4555B2DDD32380014635E /* Debug */ = {
			isa = XCBuildConfiguration;
			buildSettings = {
				BUNDLE_LOADER = "$(TEST_HOST)";
				CLANG_ENABLE_MODULES = YES;
				CODE_SIGN_STYLE = Automatic;
				CURRENT_PROJECT_VERSION = 1;
				DEVELOPMENT_TEAM = PYDBUVKJ9J;
				GENERATE_INFOPLIST_FILE = YES;
				MARKETING_VERSION = 1.0;
				PRODUCT_BUNDLE_IDENTIFIER = r.pshenichnikov.PhotoEditAppTests;
				PRODUCT_NAME = "$(TARGET_NAME)";
				SWIFT_EMIT_LOC_STRINGS = NO;
				SWIFT_OPTIMIZATION_LEVEL = "-Onone";
				SWIFT_VERSION = 5.0;
				TARGETED_DEVICE_FAMILY = "1,2";
				TEST_HOST = "$(BUILT_PRODUCTS_DIR)/PhotoEditApp.app/$(BUNDLE_EXECUTABLE_FOLDER_PATH)/PhotoEditApp";
			};
			name = Debug;
		};
		88A4555C2DDD32380014635E /* Release */ = {
			isa = XCBuildConfiguration;
			buildSettings = {
				BUNDLE_LOADER = "$(TEST_HOST)";
				CLANG_ENABLE_MODULES = YES;
				CODE_SIGN_STYLE = Automatic;
				CURRENT_PROJECT_VERSION = 1;
				DEVELOPMENT_TEAM = PYDBUVKJ9J;
				GENERATE_INFOPLIST_FILE = YES;
				MARKETING_VERSION = 1.0;
				PRODUCT_BUNDLE_IDENTIFIER = r.pshenichnikov.PhotoEditAppTests;
				PRODUCT_NAME = "$(TARGET_NAME)";
				SWIFT_EMIT_LOC_STRINGS = NO;
				SWIFT_VERSION = 5.0;
				TARGETED_DEVICE_FAMILY = "1,2";
				TEST_HOST = "$(BUILT_PRODUCTS_DIR)/PhotoEditApp.app/$(BUNDLE_EXECUTABLE_FOLDER_PATH)/PhotoEditApp";
			};
			name = Release;
		};
/* End XCBuildConfiguration section */

/* Begin XCConfigurationList section */
		882AA47B2DC3A4E200F8714F /* Build configuration list for PBXProject "PhotoEditApp" */ = {
			isa = XCConfigurationList;
			buildConfigurations = (
				882AA4892DC3A4E300F8714F /* Debug */,
				882AA48A2DC3A4E300F8714F /* Release */,
			);
			defaultConfigurationIsVisible = 0;
			defaultConfigurationName = Release;
		};
		882AA48B2DC3A4E300F8714F /* Build configuration list for PBXNativeTarget "PhotoEditApp" */ = {
			isa = XCConfigurationList;
			buildConfigurations = (
				882AA48C2DC3A4E300F8714F /* Debug */,
				882AA48D2DC3A4E300F8714F /* Release */,
			);
			defaultConfigurationIsVisible = 0;
			defaultConfigurationName = Release;
		};
		88A4555A2DDD32380014635E /* Build configuration list for PBXNativeTarget "PhotoEditAppTests" */ = {
			isa = XCConfigurationList;
			buildConfigurations = (
				88A4555B2DDD32380014635E /* Debug */,
				88A4555C2DDD32380014635E /* Release */,
			);
			defaultConfigurationIsVisible = 0;
			defaultConfigurationName = Release;
		};
/* End XCConfigurationList section */

/* Begin XCRemoteSwiftPackageReference section */
		8808EB562DD80C9400C22BF8 /* XCRemoteSwiftPackageReference "GoogleSignIn-iOS" */ = {
			isa = XCRemoteSwiftPackageReference;
			repositoryURL = "https://github.com/google/GoogleSignIn-iOS";
			requirement = {
				kind = upToNextMajorVersion;
				minimumVersion = 8.0.0;
			};
		};
		885FD24E2DC853D70053FAFA /* XCRemoteSwiftPackageReference "firebase-ios-sdk" */ = {
			isa = XCRemoteSwiftPackageReference;
			repositoryURL = "https://github.com/firebase/firebase-ios-sdk.git";
			requirement = {
				kind = upToNextMajorVersion;
				minimumVersion = 11.12.0;
			};
		};
/* End XCRemoteSwiftPackageReference section */

/* Begin XCSwiftPackageProductDependency section */
		8808EB572DD80C9400C22BF8 /* GoogleSignInSwift */ = {
			isa = XCSwiftPackageProductDependency;
			package = 8808EB562DD80C9400C22BF8 /* XCRemoteSwiftPackageReference "GoogleSignIn-iOS" */;
			productName = GoogleSignInSwift;
		};
		885FD24F2DC853D70053FAFA /* FirebaseAnalytics */ = {
			isa = XCSwiftPackageProductDependency;
			package = 885FD24E2DC853D70053FAFA /* XCRemoteSwiftPackageReference "firebase-ios-sdk" */;
			productName = FirebaseAnalytics;
		};
		88EC94502DC9AC69006227ED /* FirebaseAuth */ = {
			isa = XCSwiftPackageProductDependency;
			package = 885FD24E2DC853D70053FAFA /* XCRemoteSwiftPackageReference "firebase-ios-sdk" */;
			productName = FirebaseAuth;
		};
		88EC94522DC9AC69006227ED /* FirebaseCore */ = {
			isa = XCSwiftPackageProductDependency;
			package = 885FD24E2DC853D70053FAFA /* XCRemoteSwiftPackageReference "firebase-ios-sdk" */;
			productName = FirebaseCore;
		};
/* End XCSwiftPackageProductDependency section */
	};
	rootObject = 882AA4782DC3A4E200F8714F /* Project object */;
}
